
Microsoft Visual Studio Solution File, Format Version 12.00
# Visual Studio Version 17
VisualStudioVersion = 17.14.36301.6 d17.14
MinimumVisualStudioVersion = 10.0.40219.1
Project("{FAE04EC0-301F-11D3-BF4B-00C04F79EFBC}") = "DesignPatterns2", "DesignPatterns2\DesignPatterns2.csproj", "{32F9F0D3-AC0E-4D86-ADF3-14D16A67D081}"
EndProject
Global
	GlobalSection(SolutionConfigurationPlatforms) = preSolution
		Debug|Any CPU = Debug|Any CPU
		Release|Any CPU = Release|Any CPU
	EndGlobalSection
	GlobalSection(ProjectConfigurationPlatforms) = postSolution
		{32F9F0D3-AC0E-4D86-ADF3-14D16A67D081}.Debug|Any CPU.ActiveCfg = Debug|Any CPU
		{32F9F0D3-AC0E-4D86-ADF3-14D16A67D081}.Debug|Any CPU.Build.0 = Debug|Any CPU
		{32F9F0D3-AC0E-4D86-ADF3-14D16A67D081}.Release|Any CPU.ActiveCfg = Release|Any CPU
		{32F9F0D3-AC0E-4D86-ADF3-14D16A67D081}.Release|Any CPU.Build.0 = Release|Any CPU
	EndGlobalSection
	GlobalSection(SolutionProperties) = preSolution
		HideSolutionNode = FALSE
	EndGlobalSection
	GlobalSection(ExtensibilityGlobals) = postSolution
		SolutionGuid = {232B59C7-8DB1-499F-9D93-E16004C25332}
	EndGlobalSection
EndGlobal
